// !$*UTF8*$!
{
	archiveVersion = 1;
	classes = {
	};
	objectVersion = 50;
	objects = {

/* Begin PBXBuildFile section */
		2A91A373218C78F500B91C61 /* AppDelegate.swift in Sources */ = {isa = PBXBuildFile; fileRef = 2A91A372218C78F500B91C61 /* AppDelegate.swift */; };
		2A91A375218C78F500B91C61 /* ViewController.swift in Sources */ = {isa = PBXBuildFile; fileRef = 2A91A374218C78F500B91C61 /* ViewController.swift */; };
		2A91A378218C78F500B91C61 /* Main.storyboard in Resources */ = {isa = PBXBuildFile; fileRef = 2A91A376218C78F500B91C61 /* Main.storyboard */; };
		2A91A37A218C78F800B91C61 /* Assets.xcassets in Resources */ = {isa = PBXBuildFile; fileRef = 2A91A379218C78F800B91C61 /* Assets.xcassets */; };
		2A91A37D218C78F800B91C61 /* LaunchScreen.storyboard in Resources */ = {isa = PBXBuildFile; fileRef = 2A91A37B218C78F800B91C61 /* LaunchScreen.storyboard */; };
		2A91A388218C78F800B91C61 /* class1102Tests.swift in Sources */ = {isa = PBXBuildFile; fileRef = 2A91A387218C78F800B91C61 /* class1102Tests.swift */; };
		2A91A393218C78F800B91C61 /* class1102UITests.swift in Sources */ = {isa = PBXBuildFile; fileRef = 2A91A392218C78F800B91C61 /* class1102UITests.swift */; };
/* End PBXBuildFile section */

/* Begin PBXContainerItemProxy section */
		2A91A384218C78F800B91C61 /* PBXContainerItemProxy */ = {
			isa = PBXContainerItemProxy;
			containerPortal = 2A91A367218C78F500B91C61 /* Project object */;
			proxyType = 1;
			remoteGlobalIDString = 2A91A36E218C78F500B91C61;
			remoteInfo = class1102;
		};
		2A91A38F218C78F800B91C61 /* PBXContainerItemProxy */ = {
			isa = PBXContainerItemProxy;
			containerPortal = 2A91A367218C78F500B91C61 /* Project object */;
			proxyType = 1;
			remoteGlobalIDString = 2A91A36E218C78F500B91C61;
			remoteInfo = class1102;
		};
/* End PBXContainerItemProxy section */

/* Begin PBXFileReference section */
		2A91A36F218C78F500B91C61 /* class1102.app */ = {isa = PBXFileReference; explicitFileType = wrapper.application; includeInIndex = 0; path = class1102.app; sourceTree = BUILT_PRODUCTS_DIR; };
		2A91A372218C78F500B91C61 /* AppDelegate.swift */ = {isa = PBXFileReference; lastKnownFileType = sourcecode.swift; path = AppDelegate.swift; sourceTree = "<group>"; };
		2A91A374218C78F500B91C61 /* ViewController.swift */ = {isa = PBXFileReference; lastKnownFileType = sourcecode.swift; path = ViewController.swift; sourceTree = "<group>"; };
		2A91A377218C78F500B91C61 /* Base */ = {isa = PBXFileReference; lastKnownFileType = file.storyboard; name = Base; path = Base.lproj/Main.storyboard; sourceTree = "<group>"; };
		2A91A379218C78F800B91C61 /* Assets.xcassets */ = {isa = PBXFileReference; lastKnownFileType = folder.assetcatalog; path = Assets.xcassets; sourceTree = "<group>"; };
		2A91A37C218C78F800B91C61 /* Base */ = {isa = PBXFileReference; lastKnownFileType = file.storyboard; name = Base; path = Base.lproj/LaunchScreen.storyboard; sourceTree = "<group>"; };
		2A91A37E218C78F800B91C61 /* Info.plist */ = {isa = PBXFileReference; lastKnownFileType = text.plist.xml; path = Info.plist; sourceTree = "<group>"; };
		2A91A383218C78F800B91C61 /* class1102Tests.xctest */ = {isa = PBXFileReference; explicitFileType = wrapper.cfbundle; includeInIndex = 0; path = class1102Tests.xctest; sourceTree = BUILT_PRODUCTS_DIR; };
		2A91A387218C78F800B91C61 /* class1102Tests.swift */ = {isa = PBXFileReference; lastKnownFileType = sourcecode.swift; path = class1102Tests.swift; sourceTree = "<group>"; };
		2A91A389218C78F800B91C61 /* Info.plist */ = {isa = PBXFileReference; lastKnownFileType = text.plist.xml; path = Info.plist; sourceTree = "<group>"; };
		2A91A38E218C78F800B91C61 /* class1102UITests.xctest */ = {isa = PBXFileReference; explicitFileType = wrapper.cfbundle; includeInIndex = 0; path = class1102UITests.xctest; sourceTree = BUILT_PRODUCTS_DIR; };
		2A91A392218C78F800B91C61 /* class1102UITests.swift */ = {isa = PBXFileReference; lastKnownFileType = sourcecode.swift; path = class1102UITests.swift; sourceTree = "<group>"; };
		2A91A394218C78F800B91C61 /* Info.plist */ = {isa = PBXFileReference; lastKnownFileType = text.plist.xml; path = Info.plist; sourceTree = "<group>"; };
/* End PBXFileReference section */

/* Begin PBXFrameworksBuildPhase section */
		2A91A36C218C78F500B91C61 /* Frameworks */ = {
			isa = PBXFrameworksBuildPhase;
			buildActionMask = 2147483647;
			files = (
			);
			runOnlyForDeploymentPostprocessing = 0;
		};
		2A91A380218C78F800B91C61 /* Frameworks */ = {
			isa = PBXFrameworksBuildPhase;
			buildActionMask = 2147483647;
			files = (
			);
			runOnlyForDeploymentPostprocessing = 0;
		};
		2A91A38B218C78F800B91C61 /* Frameworks */ = {
			isa = PBXFrameworksBuildPhase;
			buildActionMask = 2147483647;
			files = (
			);
			runOnlyForDeploymentPostprocessing = 0;
		};
/* End PBXFrameworksBuildPhase section */

/* Begin PBXGroup section */
		2A91A366218C78F500B91C61 = {
			isa = PBXGroup;
			children = (
				2A91A371218C78F500B91C61 /* class1102 */,
				2A91A386218C78F800B91C61 /* class1102Tests */,
				2A91A391218C78F800B91C61 /* class1102UITests */,
				2A91A370218C78F500B91C61 /* Products */,
			);
			sourceTree = "<group>";
		};
		2A91A370218C78F500B91C61 /* Products */ = {
			isa = PBXGroup;
			children = (
				2A91A36F218C78F500B91C61 /* class1102.app */,
				2A91A383218C78F800B91C61 /* class1102Tests.xctest */,
				2A91A38E218C78F800B91C61 /* class1102UITests.xctest */,
			);
			name = Products;
			sourceTree = "<group>";
		};
		2A91A371218C78F500B91C61 /* class1102 */ = {
			isa = PBXGroup;
			children = (
				2A91A372218C78F500B91C61 /* AppDelegate.swift */,
				2A91A374218C78F500B91C61 /* ViewController.swift */,
				2A91A376218C78F500B91C61 /* Main.storyboard */,
				2A91A379218C78F800B91C61 /* Assets.xcassets */,
				2A91A37B218C78F800B91C61 /* LaunchScreen.storyboard */,
				2A91A37E218C78F800B91C61 /* Info.plist */,
			);
			path = class1102;
			sourceTree = "<group>";
		};
		2A91A386218C78F800B91C61 /* class1102Tests */ = {
			isa = PBXGroup;
			children = (
				2A91A387218C78F800B91C61 /* class1102Tests.swift */,
				2A91A389218C78F800B91C61 /* Info.plist */,
			);
			path = class1102Tests;
			sourceTree = "<group>";
		};
		2A91A391218C78F800B91C61 /* class1102UITests */ = {
			isa = PBXGroup;
			children = (
				2A91A392218C78F800B91C61 /* class1102UITests.swift */,
				2A91A394218C78F800B91C61 /* Info.plist */,
			);
			path = class1102UITests;
			sourceTree = "<group>";
		};
/* End PBXGroup section */

/* Begin PBXNativeTarget section */
		2A91A36E218C78F500B91C61 /* class1102 */ = {
			isa = PBXNativeTarget;
			buildConfigurationList = 2A91A397218C78F800B91C61 /* Build configuration list for PBXNativeTarget "class1102" */;
			buildPhases = (
				2A91A36B218C78F500B91C61 /* Sources */,
				2A91A36C218C78F500B91C61 /* Frameworks */,
				2A91A36D218C78F500B91C61 /* Resources */,
			);
			buildRules = (
			);
			dependencies = (
			);
			name = class1102;
			productName = class1102;
			productReference = 2A91A36F218C78F500B91C61 /* class1102.app */;
			productType = "com.apple.product-type.application";
		};
		2A91A382218C78F800B91C61 /* class1102Tests */ = {
			isa = PBXNativeTarget;
			buildConfigurationList = 2A91A39A218C78F800B91C61 /* Build configuration list for PBXNativeTarget "class1102Tests" */;
			buildPhases = (
				2A91A37F218C78F800B91C61 /* Sources */,
				2A91A380218C78F800B91C61 /* Frameworks */,
				2A91A381218C78F800B91C61 /* Resources */,
			);
			buildRules = (
			);
			dependencies = (
				2A91A385218C78F800B91C61 /* PBXTargetDependency */,
			);
			name = class1102Tests;
			productName = class1102Tests;
			productReference = 2A91A383218C78F800B91C61 /* class1102Tests.xctest */;
			productType = "com.apple.product-type.bundle.unit-test";
		};
		2A91A38D218C78F800B91C61 /* class1102UITests */ = {
			isa = PBXNativeTarget;
			buildConfigurationList = 2A91A39D218C78F800B91C61 /* Build configuration list for PBXNativeTarget "class1102UITests" */;
			buildPhases = (
				2A91A38A218C78F800B91C61 /* Sources */,
				2A91A38B218C78F800B91C61 /* Frameworks */,
				2A91A38C218C78F800B91C61 /* Resources */,
			);
			buildRules = (
			);
			dependencies = (
				2A91A390218C78F800B91C61 /* PBXTargetDependency */,
			);
			name = class1102UITests;
			productName = class1102UITests;
			productReference = 2A91A38E218C78F800B91C61 /* class1102UITests.xctest */;
			productType = "com.apple.product-type.bundle.ui-testing";
		};
/* End PBXNativeTarget section */

/* Begin PBXProject section */
		2A91A367218C78F500B91C61 /* Project object */ = {
			isa = PBXProject;
			attributes = {
				LastSwiftUpdateCheck = 1000;
				LastUpgradeCheck = 1000;
				ORGANIZATIONNAME = s20171105407;
				TargetAttributes = {
					2A91A36E218C78F500B91C61 = {
						CreatedOnToolsVersion = 10.0;
					};
					2A91A382218C78F800B91C61 = {
						CreatedOnToolsVersion = 10.0;
						TestTargetID = 2A91A36E218C78F500B91C61;
					};
					2A91A38D218C78F800B91C61 = {
						CreatedOnToolsVersion = 10.0;
						TestTargetID = 2A91A36E218C78F500B91C61;
					};
				};
			};
			buildConfigurationList = 2A91A36A218C78F500B91C61 /* Build configuration list for PBXProject "class1102" */;
			compatibilityVersion = "Xcode 9.3";
			developmentRegion = en;
			hasScannedForEncodings = 0;
			knownRegions = (
				en,
				Base,
			);
			mainGroup = 2A91A366218C78F500B91C61;
			productRefGroup = 2A91A370218C78F500B91C61 /* Products */;
			projectDirPath = "";
			projectRoot = "";
			targets = (
				2A91A36E218C78F500B91C61 /* class1102 */,
				2A91A382218C78F800B91C61 /* class1102Tests */,
				2A91A38D218C78F800B91C61 /* class1102UITests */,
			);
		};
/* End PBXProject section */

/* Begin PBXResourcesBuildPhase section */
		2A91A36D218C78F500B91C61 /* Resources */ = {
			isa = PBXResourcesBuildPhase;
			buildActionMask = 2147483647;
			files = (
				2A91A37D218C78F800B91C61 /* LaunchScreen.storyboard in Resources */,
				2A91A37A218C78F800B91C61 /* Assets.xcassets in Resources */,
				2A91A378218C78F500B91C61 /* Main.storyboard in Resources */,
			);
			runOnlyForDeploymentPostprocessing = 0;
		};
		2A91A381218C78F800B91C61 /* Resources */ = {
			isa = PBXResourcesBuildPhase;
			buildActionMask = 2147483647;
			files = (
			);
			runOnlyForDeploymentPostprocessing = 0;
		};
		2A91A38C218C78F800B91C61 /* Resources */ = {
			isa = PBXResourcesBuildPhase;
			buildActionMask = 2147483647;
			files = (
			);
			runOnlyForDeploymentPostprocessing = 0;
		};
/* End PBXResourcesBuildPhase section */

/* Begin PBXSourcesBuildPhase section */
		2A91A36B218C78F500B91C61 /* Sources */ = {
			isa = PBXSourcesBuildPhase;
			buildActionMask = 2147483647;
			files = (
				2A91A375218C78F500B91C61 /* ViewController.swift in Sources */,
				2A91A373218C78F500B91C61 /* AppDelegate.swift in Sources */,
			);
			runOnlyForDeploymentPostprocessing = 0;
		};
		2A91A37F218C78F800B91C61 /* Sources */ = {
			isa = PBXSourcesBuildPhase;
			buildActionMask = 2147483647;
			files = (
				2A91A388218C78F800B91C61 /* class1102Tests.swift in Sources */,
			);
			runOnlyForDeploymentPostprocessing = 0;
		};
		2A91A38A218C78F800B91C61 /* Sources */ = {
			isa = PBXSourcesBuildPhase;
			buildActionMask = 2147483647;
			files = (
				2A91A393218C78F800B91C61 /* class1102UITests.swift in Sources */,
			);
			runOnlyForDeploymentPostprocessing = 0;
		};
/* End PBXSourcesBuildPhase section */

/* Begin PBXTargetDependency section */
		2A91A385218C78F800B91C61 /* PBXTargetDependency */ = {
			isa = PBXTargetDependency;
			target = 2A91A36E218C78F500B91C61 /* class1102 */;
			targetProxy = 2A91A384218C78F800B91C61 /* PBXContainerItemProxy */;
		};
		2A91A390218C78F800B91C61 /* PBXTargetDependency */ = {
			isa = PBXTargetDependency;
			target = 2A91A36E218C78F500B91C61 /* class1102 */;
			targetProxy = 2A91A38F218C78F800B91C61 /* PBXContainerItemProxy */;
		};
/* End PBXTargetDependency section */

/* Begin PBXVariantGroup section */
		2A91A376218C78F500B91C61 /* Main.storyboard */ = {
			isa = PBXVariantGroup;
			children = (
				2A91A377218C78F500B91C61 /* Base */,
			);
			name = Main.storyboard;
			sourceTree = "<group>";
		};
		2A91A37B218C78F800B91C61 /* LaunchScreen.storyboard */ = {
			isa = PBXVariantGroup;
			children = (
				2A91A37C218C78F800B91C61 /* Base */,
			);
			name = LaunchScreen.storyboard;
			sourceTree = "<group>";
		};
/* End PBXVariantGroup section */

/* Begin XCBuildConfiguration section */
		2A91A395218C78F800B91C61 /* Debug */ = {
			isa = XCBuildConfiguration;
			buildSettings = {
				ALWAYS_SEARCH_USER_PATHS = NO;
				CLANG_ANALYZER_NONNULL = YES;
				CLANG_ANALYZER_NUMBER_OBJECT_CONVERSION = YES_AGGRESSIVE;
				CLANG_CXX_LANGUAGE_STANDARD = "gnu++14";
				CLANG_CXX_LIBRARY = "libc++";
				CLANG_ENABLE_MODULES = YES;
				CLANG_ENABLE_OBJC_ARC = YES;
				CLANG_ENABLE_OBJC_WEAK = YES;
				CLANG_WARN_BLOCK_CAPTURE_AUTORELEASING = YES;
				CLANG_WARN_BOOL_CONVERSION = YES;
				CLANG_WARN_COMMA = YES;
				CLANG_WARN_CONSTANT_CONVERSION = YES;
				CLANG_WARN_DEPRECATED_OBJC_IMPLEMENTATIONS = YES;
				CLANG_WARN_DIRECT_OBJC_ISA_USAGE = YES_ERROR;
				CLANG_WARN_DOCUMENTATION_COMMENTS = YES;
				CLANG_WARN_EMPTY_BODY = YES;
				CLANG_WARN_ENUM_CONVERSION = YES;
				CLANG_WARN_INFINITE_RECURSION = YES;
				CLANG_WARN_INT_CONVERSION = YES;
				CLANG_WARN_NON_LITERAL_NULL_CONVERSION = YES;
				CLANG_WARN_OBJC_IMPLICIT_RETAIN_SELF = YES;
				CLANG_WARN_OBJC_LITERAL_CONVERSION = YES;
				CLANG_WARN_OBJC_ROOT_CLASS = YES_ERROR;
				CLANG_WARN_RANGE_LOOP_ANALYSIS = YES;
				CLANG_WARN_STRICT_PROTOTYPES = YES;
				CLANG_WARN_SUSPICIOUS_MOVE = YES;
				CLANG_WARN_UNGUARDED_AVAILABILITY = YES_AGGRESSIVE;
				CLANG_WARN_UNREACHABLE_CODE = YES;
				CLANG_WARN__DUPLICATE_METHOD_MATCH = YES;
				CODE_SIGN_IDENTITY = "iPhone Developer";
				COPY_PHASE_STRIP = NO;
				DEBUG_INFORMATION_FORMAT = dwarf;
				ENABLE_STRICT_OBJC_MSGSEND = YES;
				ENABLE_TESTABILITY = YES;
				GCC_C_LANGUAGE_STANDARD = gnu11;
				GCC_DYNAMIC_NO_PIC = NO;
				GCC_NO_COMMON_BLOCKS = YES;
				GCC_OPTIMIZATION_LEVEL = 0;
				GCC_PREPROCESSOR_DEFINITIONS = (
					"DEBUG=1",
					"$(inherited)",
				);
				GCC_WARN_64_TO_32_BIT_CONVERSION = YES;
				GCC_WARN_ABOUT_RETURN_TYPE = YES_ERROR;
				GCC_WARN_UNDECLARED_SELECTOR = YES;
				GCC_WARN_UNINITIALIZED_AUTOS = YES_AGGRESSIVE;
				GCC_WARN_UNUSED_FUNCTION = YES;
				GCC_WARN_UNUSED_VARIABLE = YES;
				IPHONEOS_DEPLOYMENT_TARGET = 12.0;
				MTL_ENABLE_DEBUG_INFO = INCLUDE_SOURCE;
				MTL_FAST_MATH = YES;
				ONLY_ACTIVE_ARCH = YES;
				SDKROOT = iphoneos;
				SWIFT_ACTIVE_COMPILATION_CONDITIONS = DEBUG;
				SWIFT_OPTIMIZATION_LEVEL = "-Onone";
			};
			name = Debug;
		};
		2A91A396218C78F800B91C61 /* Release */ = {
			isa = XCBuildConfiguration;
			buildSettings = {
				ALWAYS_SEARCH_USER_PATHS = NO;
				CLANG_ANALYZER_NONNULL = YES;
				CLANG_ANALYZER_NUMBER_OBJECT_CONVERSION = YES_AGGRESSIVE;
				CLANG_CXX_LANGUAGE_STANDARD = "gnu++14";
				CLANG_CXX_LIBRARY = "libc++";
				CLANG_ENABLE_MODULES = YES;
				CLANG_ENABLE_OBJC_ARC = YES;
				CLANG_ENABLE_OBJC_WEAK = YES;
				CLANG_WARN_BLOCK_CAPTURE_AUTORELEASING = YES;
				CLANG_WARN_BOOL_CONVERSION = YES;
				CLANG_WARN_COMMA = YES;
				CLANG_WARN_CONSTANT_CONVERSION = YES;
				CLANG_WARN_DEPRECATED_OBJC_IMPLEMENTATIONS = YES;
				CLANG_WARN_DIRECT_OBJC_ISA_USAGE = YES_ERROR;
				CLANG_WARN_DOCUMENTATION_COMMENTS = YES;
				CLANG_WARN_EMPTY_BODY = YES;
				CLANG_WARN_ENUM_CONVERSION = YES;
				CLANG_WARN_INFINITE_RECURSION = YES;
				CLANG_WARN_INT_CONVERSION = YES;
				CLANG_WARN_NON_LITERAL_NULL_CONVERSION = YES;
				CLANG_WARN_OBJC_IMPLICIT_RETAIN_SELF = YES;
				CLANG_WARN_OBJC_LITERAL_CONVERSION = YES;
				CLANG_WARN_OBJC_ROOT_CLASS = YES_ERROR;
				CLANG_WARN_RANGE_LOOP_ANALYSIS = YES;
				CLANG_WARN_STRICT_PROTOTYPES = YES;
				CLANG_WARN_SUSPICIOUS_MOVE = YES;
				CLANG_WARN_UNGUARDED_AVAILABILITY = YES_AGGRESSIVE;
				CLANG_WARN_UNREACHABLE_CODE = YES;
				CLANG_WARN__DUPLICATE_METHOD_MATCH = YES;
				CODE_SIGN_IDENTITY = "iPhone Developer";
				COPY_PHASE_STRIP = NO;
				DEBUG_INFORMATION_FORMAT = "dwarf-with-dsym";
				ENABLE_NS_ASSERTIONS = NO;
				ENABLE_STRICT_OBJC_MSGSEND = YES;
				GCC_C_LANGUAGE_STANDARD = gnu11;
				GCC_NO_COMMON_BLOCKS = YES;
				GCC_WARN_64_TO_32_BIT_CONVERSION = YES;
				GCC_WARN_ABOUT_RETURN_TYPE = YES_ERROR;
				GCC_WARN_UNDECLARED_SELECTOR = YES;
				GCC_WARN_UNINITIALIZED_AUTOS = YES_AGGRESSIVE;
				GCC_WARN_UNUSED_FUNCTION = YES;
				GCC_WARN_UNUSED_VARIABLE = YES;
				IPHONEOS_DEPLOYMENT_TARGET = 12.0;
				MTL_ENABLE_DEBUG_INFO = NO;
				MTL_FAST_MATH = YES;
				SDKROOT = iphoneos;
				SWIFT_COMPILATION_MODE = wholemodule;
				SWIFT_OPTIMIZATION_LEVEL = "-O";
				VALIDATE_PRODUCT = YES;
			};
			name = Release;
		};
		2A91A398218C78F800B91C61 /* Debug */ = {
			isa = XCBuildConfiguration;
			buildSettings = {
				ASSETCATALOG_COMPILER_APPICON_NAME = AppIcon;
				CODE_SIGN_STYLE = Automatic;
				INFOPLIST_FILE = class1102/Info.plist;
				LD_RUNPATH_SEARCH_PATHS = (
					"$(inherited)",
					"@executable_path/Frameworks",
				);
				PRODUCT_BUNDLE_IDENTIFIER = imnu.class1102;
				PRODUCT_NAME = "$(TARGET_NAME)";
				SWIFT_VERSION = 4.2;
				TARGETED_DEVICE_FAMILY = "1,2";
			};
			name = Debug;
		};
		2A91A399218C78F800B91C61 /* Release */ = {
			isa = XCBuildConfiguration;
			buildSettings = {
				ASSETCATALOG_COMPILER_APPICON_NAME = AppIcon;
				CODE_SIGN_STYLE = Automatic;
				INFOPLIST_FILE = class1102/Info.plist;
				LD_RUNPATH_SEARCH_PATHS = (
					"$(inherited)",
					"@executable_path/Frameworks",
				);
				PRODUCT_BUNDLE_IDENTIFIER = imnu.class1102;
				PRODUCT_NAME = "$(TARGET_NAME)";
				SWIFT_VERSION = 4.2;
				TARGETED_DEVICE_FAMILY = "1,2";
			};
			name = Release;
		};
		2A91A39B218C78F800B91C61 /* Debug */ = {
			isa = XCBuildConfiguration;
			buildSettings = {
				ALWAYS_EMBED_SWIFT_STANDARD_LIBRARIES = YES;
				BUNDLE_LOADER = "$(TEST_HOST)";
				CODE_SIGN_STYLE = Automatic;
				INFOPLIST_FILE = class1102Tests/Info.plist;
				LD_RUNPATH_SEARCH_PATHS = (
					"$(inherited)",
					"@executable_path/Frameworks",
					"@loader_path/Frameworks",
				);
				PRODUCT_BUNDLE_IDENTIFIER = imnu.class1102Tests;
				PRODUCT_NAME = "$(TARGET_NAME)";
				SWIFT_VERSION = 4.2;
				TARGETED_DEVICE_FAMILY = "1,2";
				TEST_HOST = "$(BUILT_PRODUCTS_DIR)/class1102.app/class1102";
			};
			name = Debug;
		};
		2A91A39C218C78F800B91C61 /* Release */ = {
			isa = XCBuildConfiguration;
			buildSettings = {
				ALWAYS_EMBED_SWIFT_STANDARD_LIBRARIES = YES;
				BUNDLE_LOADER = "$(TEST_HOST)";
				CODE_SIGN_STYLE = Automatic;
				INFOPLIST_FILE = class1102Tests/Info.plist;
				LD_RUNPATH_SEARCH_PATHS = (
					"$(inherited)",
					"@executable_path/Frameworks",
					"@loader_path/Frameworks",
				);
				PRODUCT_BUNDLE_IDENTIFIER = imnu.class1102Tests;
				PRODUCT_NAME = "$(TARGET_NAME)";
				SWIFT_VERSION = 4.2;
				TARGETED_DEVICE_FAMILY = "1,2";
				TEST_HOST = "$(BUILT_PRODUCTS_DIR)/class1102.app/class1102";
			};
			name = Release;
		};
		2A91A39E218C78F800B91C61 /* Debug */ = {
			isa = XCBuildConfiguration;
			buildSettings = {
				ALWAYS_EMBED_SWIFT_STANDARD_LIBRARIES = YES;
				CODE_SIGN_STYLE = Automatic;
				INFOPLIST_FILE = class1102UITests/Info.plist;
				LD_RUNPATH_SEARCH_PATHS = (
					"$(inherited)",
					"@executable_path/Frameworks",
					"@loader_path/Frameworks",
				);
				PRODUCT_BUNDLE_IDENTIFIER = imnu.class1102UITests;
				PRODUCT_NAME = "$(TARGET_NAME)";
				SWIFT_VERSION = 4.2;
				TARGETED_DEVICE_FAMILY = "1,2";
				TEST_TARGET_NAME = class1102;
			};
			name = Debug;
		};
		2A91A39F218C78F800B91C61 /* Release */ = {
			isa = XCBuildConfiguration;
			buildSettings = {
				ALWAYS_EMBED_SWIFT_STANDARD_LIBRARIES = YES;
				CODE_SIGN_STYLE = Automatic;
				INFOPLIST_FILE = class1102UITests/Info.plist;
				LD_RUNPATH_SEARCH_PATHS = (
					"$(inherited)",
					"@executable_path/Frameworks",
					"@loader_path/Frameworks",
				);
				PRODUCT_BUNDLE_IDENTIFIER = imnu.class1102UITests;
				PRODUCT_NAME = "$(TARGET_NAME)";
				SWIFT_VERSION = 4.2;
				TARGETED_DEVICE_FAMILY = "1,2";
				TEST_TARGET_NAME = class1102;
			};
			name = Release;
		};
/* End XCBuildConfiguration section */

/* Begin XCConfigurationList section */
		2A91A36A218C78F500B91C61 /* Build configuration list for PBXProject "class1102" */ = {
			isa = XCConfigurationList;
			buildConfigurations = (
				2A91A395218C78F800B91C61 /* Debug */,
				2A91A396218C78F800B91C61 /* Release */,
			);
			defaultConfigurationIsVisible = 0;
			defaultConfigurationName = Release;
		};
		2A91A397218C78F800B91C61 /* Build configuration list for PBXNativeTarget "class1102" */ = {
			isa = XCConfigurationList;
			buildConfigurations = (
				2A91A398218C78F800B91C61 /* Debug */,
				2A91A399218C78F800B91C61 /* Release */,
			);
			defaultConfigurationIsVisible = 0;
			defaultConfigurationName = Release;
		};
		2A91A39A218C78F800B91C61 /* Build configuration list for PBXNativeTarget "class1102Tests" */ = {
			isa = XCConfigurationList;
			buildConfigurations = (
				2A91A39B218C78F800B91C61 /* Debug */,
				2A91A39C218C78F800B91C61 /* Release */,
			);
			defaultConfigurationIsVisible = 0;
			defaultConfigurationName = Release;
		};
		2A91A39D218C78F800B91C61 /* Build configuration list for PBXNativeTarget "class1102UITests" */ = {
			isa = XCConfigurationList;
			buildConfigurations = (
				2A91A39E218C78F800B91C61 /* Debug */,
				2A91A39F218C78F800B91C61 /* Release */,
			);
			defaultConfigurationIsVisible = 0;
			defaultConfigurationName = Release;
		};
/* End XCConfigurationList section */
	};
	rootObject = 2A91A367218C78F500B91C61 /* Project object */;
}
